# This file is automatically @generated by Cargo.
# It is not intended for manual editing.
version = 4

[[package]]
name = "afsplus-block"
version = "0.0.1"

[[package]]
name = "afsplus-check"
version = "0.0.1"
dependencies = [
 "afsplus-block",
 "afsplus-core",
 "afsplus-format",
]

[[package]]
name = "afsplus-core"
version = "0.0.1"
dependencies = [
 "afsplus-block",
 "afsplus-format",
]

[[package]]
name = "afsplus-format"
version = "0.0.1"
